github.com/tywkeene/go-fsevents v0.1.0 h1:T1ymCecY4UwyqwKX8c0/fGIFHuyrZRDTR9eqOx8j4e0=
github.com/tywkeene/go-fsevents v0.1.0/go.mod h1:y+WkSWYjTzTTBqZWIOwhe7qTTGjfyy5CzO1fjlnqv4s=
golang.org/x/sys v0.0.0-20190912141932-bc967efca4b8 h1:41hwlulw1prEMBxLQSlMSux1zxJf07B3WPsdjJlKZxE=
golang.org/x/sys v0.0.0-20190912141932-bc967efca4b8/go.mod h1:h1NjWce9XRLGQEsW7wpKNCjG9DtNlClVuFLEZdDNbEs=
